
Microsoft Visual Studio Solution File, Format Version 12.00
# Visual Studio Version 17
VisualStudioVersion = 17.1.32228.430
MinimumVisualStudioVersion = 10.0.40219.1
Project("{2150E333-8FDC-42A3-9474-1A3956D46DE8}") = "Microservices", "Microservices", "{D378B8B3-3372-4B01-A255-BE2C9CDB1E92}"
EndProject
Project("{FAE04EC0-301F-11D3-BF4B-00C04F79EFBC}") = "Product.WebAPI", "Product.WebAPI\Product.WebAPI.csproj", "{50CEC9E0-6BF5-44B7-9518-03B22FF5C694}"
EndProject
Project("{FAE04EC0-301F-11D3-BF4B-00C04F79EFBC}") = "Customer.WebAPI", "Customer.WebAPI\Customer.WebAPI.csproj", "{82D89F14-6DC6-4957-BD66-2DB6BB253D63}"
EndProject
Project("{FAE04EC0-301F-11D3-BF4B-00C04F79EFBC}") = "Gateway.WebAPI", "Gateway.WebAPI\Gateway.WebAPI.csproj", "{89F3378B-4A02-4DF0-BB37-4D5ADFDA0D77}"
EndProject
Global
	GlobalSection(SolutionConfigurationPlatforms) = preSolution
		Debug|Any CPU = Debug|Any CPU
		Release|Any CPU = Release|Any CPU
	EndGlobalSection
	GlobalSection(ProjectConfigurationPlatforms) = postSolution
		{50CEC9E0-6BF5-44B7-9518-03B22FF5C694}.Debug|Any CPU.ActiveCfg = Debug|Any CPU
		{50CEC9E0-6BF5-44B7-9518-03B22FF5C694}.Debug|Any CPU.Build.0 = Debug|Any CPU
		{50CEC9E0-6BF5-44B7-9518-03B22FF5C694}.Release|Any CPU.ActiveCfg = Release|Any CPU
		{50CEC9E0-6BF5-44B7-9518-03B22FF5C694}.Release|Any CPU.Build.0 = Release|Any CPU
		{82D89F14-6DC6-4957-BD66-2DB6BB253D63}.Debug|Any CPU.ActiveCfg = Debug|Any CPU
		{82D89F14-6DC6-4957-BD66-2DB6BB253D63}.Debug|Any CPU.Build.0 = Debug|Any CPU
		{82D89F14-6DC6-4957-BD66-2DB6BB253D63}.Release|Any CPU.ActiveCfg = Release|Any CPU
		{82D89F14-6DC6-4957-BD66-2DB6BB253D63}.Release|Any CPU.Build.0 = Release|Any CPU
		{89F3378B-4A02-4DF0-BB37-4D5ADFDA0D77}.Debug|Any CPU.ActiveCfg = Debug|Any CPU
		{89F3378B-4A02-4DF0-BB37-4D5ADFDA0D77}.Debug|Any CPU.Build.0 = Debug|Any CPU
		{89F3378B-4A02-4DF0-BB37-4D5ADFDA0D77}.Release|Any CPU.ActiveCfg = Release|Any CPU
		{89F3378B-4A02-4DF0-BB37-4D5ADFDA0D77}.Release|Any CPU.Build.0 = Release|Any CPU
	EndGlobalSection
	GlobalSection(SolutionProperties) = preSolution
		HideSolutionNode = FALSE
	EndGlobalSection
	GlobalSection(NestedProjects) = preSolution
		{50CEC9E0-6BF5-44B7-9518-03B22FF5C694} = {D378B8B3-3372-4B01-A255-BE2C9CDB1E92}
		{82D89F14-6DC6-4957-BD66-2DB6BB253D63} = {D378B8B3-3372-4B01-A255-BE2C9CDB1E92}
	EndGlobalSection
	GlobalSection(ExtensibilityGlobals) = postSolution
		SolutionGuid = {7D97BC1D-7770-4E90-8D29-507A58B6EE18}
	EndGlobalSection
EndGlobal
